{
    "_meta": {
        "hash": {
            "sha256": "ed9ff24e73890ff9c5d5c0cacddca6807f3fc898da7d1f87d23031ec269b2811"
        },
        "host-environment-markers": {
            "implementation_name": "cpython",
            "implementation_version": "0",
            "os_name": "posix",
            "platform_machine": "x86_64",
            "platform_python_implementation": "CPython",
            "platform_release": "15.6.0",
            "platform_system": "Darwin",
            "platform_version": "Darwin Kernel Version 15.6.0: Mon Oct  2 22:20:08 PDT 2017; root:xnu-3248.71.4~1/RELEASE_X86_64",
            "python_full_version": "2.7.10",
            "python_version": "2.7",
            "sys_platform": "darwin"
        },
        "pipfile-spec": 6,
        "requires": {
            "python_version": "2.7"
        },
        "sources": [
            {
                "name": "pypi",
                "url": "https://pypi.python.org/simple",
                "verify_ssl": true
            }
        ]
    },
    "default": {
        "coverage": {
            "hashes": [],
            "version": "==4.5.1"
        }
    },
    "develop": {}
}
